
Microsoft Visual Studio Solution File, Format Version 12.00
# Visual Studio Version 17
VisualStudioVersion = 17.10.35027.167
MinimumVisualStudioVersion = 10.0.40219.1
Project("{2150E333-8FDC-42A3-9474-1A3956D46DE8}") = "src", "src", "{C65E84EE-F992-4FEB-8731-3EAF9003C389}"
EndProject
Project("{2150E333-8FDC-42A3-9474-1A3956D46DE8}") = "test", "test", "{CCCF5FF0-8774-466F-8FBA-7E27ED98785C}"
EndProject
Project("{FAE04EC0-301F-11D3-BF4B-00C04F79EFBC}") = "POS.Domain", "POS.Domain\POS.Domain.csproj", "{28F1548A-A33E-4381-9F86-C4041BEAB9AB}"
EndProject
Project("{FAE04EC0-301F-11D3-BF4B-00C04F79EFBC}") = "POS.Infrastructure", "POS.Infrastructure\POS.Infrastructure.csproj", "{5A31A3C2-BBE6-4942-8579-C99DEF628933}"
EndProject
Project("{FAE04EC0-301F-11D3-BF4B-00C04F79EFBC}") = "POS.Application", "POS.Application\POS.Application.csproj", "{B77FCDE4-7E8C-46B0-9BC0-B2BEE47CA572}"
EndProject
Project("{FAE04EC0-301F-11D3-BF4B-00C04F79EFBC}") = "POS.API2", "POS.API2\POS.API2.csproj", "{CBBFA3DD-DB6D-4BAD-966C-E6BC3D311E53}"
EndProject
Project("{FAE04EC0-301F-11D3-BF4B-00C04F79EFBC}") = "POS.Utilities", "POS.Utilities\POS.Utilities.csproj", "{868D332D-EB30-4237-A324-032BFF6171C2}"
EndProject
Project("{FAE04EC0-301F-11D3-BF4B-00C04F79EFBC}") = "POS.TEST", "POS.TEST\POS.TEST.csproj", "{DE275A8B-F628-4BA8-A39C-3DB2362684EE}"
EndProject
Global
	GlobalSection(SolutionConfigurationPlatforms) = preSolution
		Debug|Any CPU = Debug|Any CPU
		Release|Any CPU = Release|Any CPU
	EndGlobalSection
	GlobalSection(ProjectConfigurationPlatforms) = postSolution
		{28F1548A-A33E-4381-9F86-C4041BEAB9AB}.Debug|Any CPU.ActiveCfg = Debug|Any CPU
		{28F1548A-A33E-4381-9F86-C4041BEAB9AB}.Debug|Any CPU.Build.0 = Debug|Any CPU
		{28F1548A-A33E-4381-9F86-C4041BEAB9AB}.Release|Any CPU.ActiveCfg = Release|Any CPU
		{28F1548A-A33E-4381-9F86-C4041BEAB9AB}.Release|Any CPU.Build.0 = Release|Any CPU
		{5A31A3C2-BBE6-4942-8579-C99DEF628933}.Debug|Any CPU.ActiveCfg = Debug|Any CPU
		{5A31A3C2-BBE6-4942-8579-C99DEF628933}.Debug|Any CPU.Build.0 = Debug|Any CPU
		{5A31A3C2-BBE6-4942-8579-C99DEF628933}.Release|Any CPU.ActiveCfg = Release|Any CPU
		{5A31A3C2-BBE6-4942-8579-C99DEF628933}.Release|Any CPU.Build.0 = Release|Any CPU
		{B77FCDE4-7E8C-46B0-9BC0-B2BEE47CA572}.Debug|Any CPU.ActiveCfg = Debug|Any CPU
		{B77FCDE4-7E8C-46B0-9BC0-B2BEE47CA572}.Debug|Any CPU.Build.0 = Debug|Any CPU
		{B77FCDE4-7E8C-46B0-9BC0-B2BEE47CA572}.Release|Any CPU.ActiveCfg = Release|Any CPU
		{B77FCDE4-7E8C-46B0-9BC0-B2BEE47CA572}.Release|Any CPU.Build.0 = Release|Any CPU
		{CBBFA3DD-DB6D-4BAD-966C-E6BC3D311E53}.Debug|Any CPU.ActiveCfg = Debug|Any CPU
		{CBBFA3DD-DB6D-4BAD-966C-E6BC3D311E53}.Debug|Any CPU.Build.0 = Debug|Any CPU
		{CBBFA3DD-DB6D-4BAD-966C-E6BC3D311E53}.Release|Any CPU.ActiveCfg = Release|Any CPU
		{CBBFA3DD-DB6D-4BAD-966C-E6BC3D311E53}.Release|Any CPU.Build.0 = Release|Any CPU
		{868D332D-EB30-4237-A324-032BFF6171C2}.Debug|Any CPU.ActiveCfg = Debug|Any CPU
		{868D332D-EB30-4237-A324-032BFF6171C2}.Debug|Any CPU.Build.0 = Debug|Any CPU
		{868D332D-EB30-4237-A324-032BFF6171C2}.Release|Any CPU.ActiveCfg = Release|Any CPU
		{868D332D-EB30-4237-A324-032BFF6171C2}.Release|Any CPU.Build.0 = Release|Any CPU
		{DE275A8B-F628-4BA8-A39C-3DB2362684EE}.Debug|Any CPU.ActiveCfg = Debug|Any CPU
		{DE275A8B-F628-4BA8-A39C-3DB2362684EE}.Debug|Any CPU.Build.0 = Debug|Any CPU
		{DE275A8B-F628-4BA8-A39C-3DB2362684EE}.Release|Any CPU.ActiveCfg = Release|Any CPU
		{DE275A8B-F628-4BA8-A39C-3DB2362684EE}.Release|Any CPU.Build.0 = Release|Any CPU
	EndGlobalSection
	GlobalSection(SolutionProperties) = preSolution
		HideSolutionNode = FALSE
	EndGlobalSection
	GlobalSection(NestedProjects) = preSolution
		{28F1548A-A33E-4381-9F86-C4041BEAB9AB} = {C65E84EE-F992-4FEB-8731-3EAF9003C389}
		{5A31A3C2-BBE6-4942-8579-C99DEF628933} = {C65E84EE-F992-4FEB-8731-3EAF9003C389}
		{B77FCDE4-7E8C-46B0-9BC0-B2BEE47CA572} = {C65E84EE-F992-4FEB-8731-3EAF9003C389}
		{CBBFA3DD-DB6D-4BAD-966C-E6BC3D311E53} = {C65E84EE-F992-4FEB-8731-3EAF9003C389}
		{868D332D-EB30-4237-A324-032BFF6171C2} = {C65E84EE-F992-4FEB-8731-3EAF9003C389}
		{DE275A8B-F628-4BA8-A39C-3DB2362684EE} = {CCCF5FF0-8774-466F-8FBA-7E27ED98785C}
	EndGlobalSection
	GlobalSection(ExtensibilityGlobals) = postSolution
		SolutionGuid = {B32183F4-D879-4067-B501-BF0AEE25FB62}
	EndGlobalSection
EndGlobal
